# This file was autogenerated by Stack.
# You should not edit this file by hand.
# For more information, please see the documentation at:
#   https://docs.haskellstack.org/en/stable/lock_files

packages:
- completed:
    hackage: esqueleto-3.3.0@sha256:a9abf3ef7b92b39d4fec9741e0c547df1f37ea256260accd4313db8b4fad746e,5466
    pantry-tree:
      size: 1461
      sha256: a1eb45972e18698671589f469476f4d38af8c91b7a2e560dab505d383d4c5974
  original:
    hackage: esqueleto-3.3.0@sha256:a9abf3ef7b92b39d4fec9741e0c547df1f37ea256260accd4313db8b4fad746e,5466
snapshots:
- completed:
    size: 492015
    url: https://raw.githubusercontent.com/commercialhaskell/stackage-snapshots/master/lts/15/8.yaml
    sha256: 926bc3d70249dd0ba05277ff00943c0addb35b627cb641752669e7cf771310d0
  original: lts-15.8
